
Microsoft Visual Studio Solution File, Format Version 12.00
# Visual Studio Version 17
VisualStudioVersion = 17.5.33424.131
MinimumVisualStudioVersion = 10.0.40219.1
Project("{FAE04EC0-301F-11D3-BF4B-00C04F79EFBC}") = "InterfaceOrnek1", "InterfaceOrnek1\InterfaceOrnek1.csproj", "{7344C24C-1667-4B66-92EE-F90022C64F66}"
EndProject
Project("{FAE04EC0-301F-11D3-BF4B-00C04F79EFBC}") = "InterfaceOrnek2", "InterfaceOrnek2\InterfaceOrnek2.csproj", "{BAE0C0B5-661A-4E3A-AB11-C26031FE93B8}"
EndProject
Global
	GlobalSection(SolutionConfigurationPlatforms) = preSolution
		Debug|Any CPU = Debug|Any CPU
		Release|Any CPU = Release|Any CPU
	EndGlobalSection
	GlobalSection(ProjectConfigurationPlatforms) = postSolution
		{7344C24C-1667-4B66-92EE-F90022C64F66}.Debug|Any CPU.ActiveCfg = Debug|Any CPU
		{7344C24C-1667-4B66-92EE-F90022C64F66}.Debug|Any CPU.Build.0 = Debug|Any CPU
		{7344C24C-1667-4B66-92EE-F90022C64F66}.Release|Any CPU.ActiveCfg = Release|Any CPU
		{7344C24C-1667-4B66-92EE-F90022C64F66}.Release|Any CPU.Build.0 = Release|Any CPU
		{BAE0C0B5-661A-4E3A-AB11-C26031FE93B8}.Debug|Any CPU.ActiveCfg = Debug|Any CPU
		{BAE0C0B5-661A-4E3A-AB11-C26031FE93B8}.Debug|Any CPU.Build.0 = Debug|Any CPU
		{BAE0C0B5-661A-4E3A-AB11-C26031FE93B8}.Release|Any CPU.ActiveCfg = Release|Any CPU
		{BAE0C0B5-661A-4E3A-AB11-C26031FE93B8}.Release|Any CPU.Build.0 = Release|Any CPU
	EndGlobalSection
	GlobalSection(SolutionProperties) = preSolution
		HideSolutionNode = FALSE
	EndGlobalSection
	GlobalSection(ExtensibilityGlobals) = postSolution
		SolutionGuid = {DDA3DA3E-D3DB-436B-93AB-B5D4FCA53ED1}
	EndGlobalSection
EndGlobal
